
Microsoft Visual Studio Solution File, Format Version 12.00
# Visual Studio Version 16
VisualStudioVersion = 16.0.31702.278
MinimumVisualStudioVersion = 10.0.40219.1
Project("{FAE04EC0-301F-11D3-BF4B-00C04F79EFBC}") = "StudentScoreWebApp", "StudentScoreWebApp\StudentScoreWebApp.csproj", "{7AD84A6A-DF52-4EDC-A4F1-A5FAD47583DD}"
EndProject
Global
	GlobalSection(SolutionConfigurationPlatforms) = preSolution
		Debug|Any CPU = Debug|Any CPU
		Release|Any CPU = Release|Any CPU
	EndGlobalSection
	GlobalSection(ProjectConfigurationPlatforms) = postSolution
		{7AD84A6A-DF52-4EDC-A4F1-A5FAD47583DD}.Debug|Any CPU.ActiveCfg = Debug|Any CPU
		{7AD84A6A-DF52-4EDC-A4F1-A5FAD47583DD}.Debug|Any CPU.Build.0 = Debug|Any CPU
		{7AD84A6A-DF52-4EDC-A4F1-A5FAD47583DD}.Release|Any CPU.ActiveCfg = Release|Any CPU
		{7AD84A6A-DF52-4EDC-A4F1-A5FAD47583DD}.Release|Any CPU.Build.0 = Release|Any CPU
	EndGlobalSection
	GlobalSection(SolutionProperties) = preSolution
		HideSolutionNode = FALSE
	EndGlobalSection
	GlobalSection(ExtensibilityGlobals) = postSolution
		SolutionGuid = {E3727BC8-C487-416C-A64F-23C2B778F116}
	EndGlobalSection
EndGlobal
